
Microsoft Visual Studio Solution File, Format Version 12.00
# Visual Studio Version 17
VisualStudioVersion = 17.14.36221.1 d17.14
MinimumVisualStudioVersion = 10.0.40219.1
Project("{FAE04EC0-301F-11D3-BF4B-00C04F79EFBC}") = "UTruckinServiceApp", "UTruckinServiceApp\UTruckinServiceApp.csproj", "{B4924E48-5C18-4E15-8E64-FA4188FFEC86}"
EndProject
Global
	GlobalSection(SolutionConfigurationPlatforms) = preSolution
		Debug|Any CPU = Debug|Any CPU
		Release|Any CPU = Release|Any CPU
	EndGlobalSection
	GlobalSection(ProjectConfigurationPlatforms) = postSolution
		{B4924E48-5C18-4E15-8E64-FA4188FFEC86}.Debug|Any CPU.ActiveCfg = Debug|Any CPU
		{B4924E48-5C18-4E15-8E64-FA4188FFEC86}.Debug|Any CPU.Build.0 = Debug|Any CPU
		{B4924E48-5C18-4E15-8E64-FA4188FFEC86}.Release|Any CPU.ActiveCfg = Release|Any CPU
		{B4924E48-5C18-4E15-8E64-FA4188FFEC86}.Release|Any CPU.Build.0 = Release|Any CPU
	EndGlobalSection
	GlobalSection(SolutionProperties) = preSolution
		HideSolutionNode = FALSE
	EndGlobalSection
	GlobalSection(ExtensibilityGlobals) = postSolution
		SolutionGuid = {F6F2D9A0-0A61-47BD-BE02-B50F905C9A99}
	EndGlobalSection
EndGlobal
